
Microsoft Visual Studio Solution File, Format Version 12.00
# Visual Studio 15
VisualStudioVersion = 15.0.27130.2024
MinimumVisualStudioVersion = 10.0.40219.1
Project("{9A19103F-16F7-4668-BE54-9A1E7A4F7556}") = "SMS", "SMS.csproj", "{8C175FD6-7709-47A2-AF0E-B116F4BFE169}"
EndProject
Project("{FAE04EC0-301F-11D3-BF4B-00C04F79EFBC}") = "SMS.Test", "..\SMS.Test\SMS.Test.csproj", "{B0B48BE8-5E19-436D-B649-1D0D7D968DE9}"
EndProject
Global
	GlobalSection(SolutionConfigurationPlatforms) = preSolution
		Debug|Any CPU = Debug|Any CPU
		Release|Any CPU = Release|Any CPU
	EndGlobalSection
	GlobalSection(ProjectConfigurationPlatforms) = postSolution
		{8C175FD6-7709-47A2-AF0E-B116F4BFE169}.Debug|Any CPU.ActiveCfg = Debug|Any CPU
		{8C175FD6-7709-47A2-AF0E-B116F4BFE169}.Debug|Any CPU.Build.0 = Debug|Any CPU
		{8C175FD6-7709-47A2-AF0E-B116F4BFE169}.Release|Any CPU.ActiveCfg = Release|Any CPU
		{8C175FD6-7709-47A2-AF0E-B116F4BFE169}.Release|Any CPU.Build.0 = Release|Any CPU
		{B0B48BE8-5E19-436D-B649-1D0D7D968DE9}.Debug|Any CPU.ActiveCfg = Debug|Any CPU
		{B0B48BE8-5E19-436D-B649-1D0D7D968DE9}.Debug|Any CPU.Build.0 = Debug|Any CPU
		{B0B48BE8-5E19-436D-B649-1D0D7D968DE9}.Release|Any CPU.ActiveCfg = Release|Any CPU
		{B0B48BE8-5E19-436D-B649-1D0D7D968DE9}.Release|Any CPU.Build.0 = Release|Any CPU
	EndGlobalSection
	GlobalSection(SolutionProperties) = preSolution
		HideSolutionNode = FALSE
	EndGlobalSection
	GlobalSection(ExtensibilityGlobals) = postSolution
		SolutionGuid = {BF4D9C97-6FC6-4DE6-9C88-03919E11A96A}
	EndGlobalSection
EndGlobal
